
Microsoft Visual Studio Solution File, Format Version 12.00
# Visual Studio 15
VisualStudioVersion = 15.0.27130.2036
MinimumVisualStudioVersion = 10.0.40219.1
Project("{FAE04EC0-301F-11D3-BF4B-00C04F79EFBC}") = "jvyterm", "jvyterm\jvyterm.csproj", "{DA61EF31-919D-45C0-923B-D8047969D87F}"
EndProject
Project("{FAE04EC0-301F-11D3-BF4B-00C04F79EFBC}") = "basicCommands", "BasicCommands\basicCommands.csproj", "{4F9696FF-6483-4C23-BE43-A9CB30D0142F}"
EndProject
Project("{FAE04EC0-301F-11D3-BF4B-00C04F79EFBC}") = "argTest", "ArgTest\argTest.csproj", "{78B7036D-8A46-4EF2-BECF-33E885A03D28}"
EndProject
Global
	GlobalSection(SolutionConfigurationPlatforms) = preSolution
		Debug|Any CPU = Debug|Any CPU
		Release|Any CPU = Release|Any CPU
	EndGlobalSection
	GlobalSection(ProjectConfigurationPlatforms) = postSolution
		{DA61EF31-919D-45C0-923B-D8047969D87F}.Debug|Any CPU.ActiveCfg = Debug|Any CPU
		{DA61EF31-919D-45C0-923B-D8047969D87F}.Debug|Any CPU.Build.0 = Debug|Any CPU
		{DA61EF31-919D-45C0-923B-D8047969D87F}.Release|Any CPU.ActiveCfg = Release|Any CPU
		{DA61EF31-919D-45C0-923B-D8047969D87F}.Release|Any CPU.Build.0 = Release|Any CPU
		{4F9696FF-6483-4C23-BE43-A9CB30D0142F}.Debug|Any CPU.ActiveCfg = Debug|Any CPU
		{4F9696FF-6483-4C23-BE43-A9CB30D0142F}.Debug|Any CPU.Build.0 = Debug|Any CPU
		{4F9696FF-6483-4C23-BE43-A9CB30D0142F}.Release|Any CPU.ActiveCfg = Release|Any CPU
		{4F9696FF-6483-4C23-BE43-A9CB30D0142F}.Release|Any CPU.Build.0 = Release|Any CPU
		{78B7036D-8A46-4EF2-BECF-33E885A03D28}.Debug|Any CPU.ActiveCfg = Debug|Any CPU
		{78B7036D-8A46-4EF2-BECF-33E885A03D28}.Debug|Any CPU.Build.0 = Debug|Any CPU
		{78B7036D-8A46-4EF2-BECF-33E885A03D28}.Release|Any CPU.ActiveCfg = Release|Any CPU
		{78B7036D-8A46-4EF2-BECF-33E885A03D28}.Release|Any CPU.Build.0 = Release|Any CPU
	EndGlobalSection
	GlobalSection(SolutionProperties) = preSolution
		HideSolutionNode = FALSE
	EndGlobalSection
	GlobalSection(ExtensibilityGlobals) = postSolution
		SolutionGuid = {AEC4DAB1-5DBB-438D-8F51-02306434D40B}
	EndGlobalSection
EndGlobal
